
Microsoft Visual Studio Solution File, Format Version 12.00
# Visual Studio Version 17
VisualStudioVersion = 17.3.32819.101
MinimumVisualStudioVersion = 10.0.40219.1
Project("{FAE04EC0-301F-11D3-BF4B-00C04F79EFBC}") = "kerremansFabrice_pendu", "kerremansFabrice_pendu\kerremansFabrice_pendu.csproj", "{444536C8-5189-49E3-AA4F-67DD32DE74A3}"
EndProject
Global
	GlobalSection(SolutionConfigurationPlatforms) = preSolution
		Debug|Any CPU = Debug|Any CPU
		Release|Any CPU = Release|Any CPU
	EndGlobalSection
	GlobalSection(ProjectConfigurationPlatforms) = postSolution
		{444536C8-5189-49E3-AA4F-67DD32DE74A3}.Debug|Any CPU.ActiveCfg = Debug|Any CPU
		{444536C8-5189-49E3-AA4F-67DD32DE74A3}.Debug|Any CPU.Build.0 = Debug|Any CPU
		{444536C8-5189-49E3-AA4F-67DD32DE74A3}.Release|Any CPU.ActiveCfg = Release|Any CPU
		{444536C8-5189-49E3-AA4F-67DD32DE74A3}.Release|Any CPU.Build.0 = Release|Any CPU
	EndGlobalSection
	GlobalSection(SolutionProperties) = preSolution
		HideSolutionNode = FALSE
	EndGlobalSection
	GlobalSection(ExtensibilityGlobals) = postSolution
		SolutionGuid = {81FDF769-2451-42ED-B74E-00C3A8858E8A}
	EndGlobalSection
EndGlobal
